
Microsoft Visual Studio Solution File, Format Version 12.00
# Visual Studio Version 17
VisualStudioVersion = 17.13.35825.156 d17.13
MinimumVisualStudioVersion = 10.0.40219.1
Project("{FAE04EC0-301F-11D3-BF4B-00C04F79EFBC}") = "Funcation", "Funcation\Funcation.csproj", "{E294C062-665C-4497-B523-7B07721E7285}"
EndProject
Global
	GlobalSection(SolutionConfigurationPlatforms) = preSolution
		Debug|Any CPU = Debug|Any CPU
		Release|Any CPU = Release|Any CPU
	EndGlobalSection
	GlobalSection(ProjectConfigurationPlatforms) = postSolution
		{E294C062-665C-4497-B523-7B07721E7285}.Debug|Any CPU.ActiveCfg = Debug|Any CPU
		{E294C062-665C-4497-B523-7B07721E7285}.Debug|Any CPU.Build.0 = Debug|Any CPU
		{E294C062-665C-4497-B523-7B07721E7285}.Release|Any CPU.ActiveCfg = Release|Any CPU
		{E294C062-665C-4497-B523-7B07721E7285}.Release|Any CPU.Build.0 = Release|Any CPU
	EndGlobalSection
	GlobalSection(SolutionProperties) = preSolution
		HideSolutionNode = FALSE
	EndGlobalSection
	GlobalSection(ExtensibilityGlobals) = postSolution
		SolutionGuid = {48D961A7-84D9-4D7B-94E2-1CEA5EC10E4D}
	EndGlobalSection
EndGlobal
